// !$*UTF8*$!
{
	archiveVersion = 1;
	classes = {
	};
	objectVersion = 46;
	objects = {

/* Begin PBXBuildFile section */
		1577056F1BADB983007BADDD /* AppDelegate.swift in Sources */ = {isa = PBXBuildFile; fileRef = 1577056E1BADB983007BADDD /* AppDelegate.swift */; };
		157705711BADB983007BADDD /* ViewController.swift in Sources */ = {isa = PBXBuildFile; fileRef = 157705701BADB983007BADDD /* ViewController.swift */; };
		157705741BADB983007BADDD /* Main.storyboard in Resources */ = {isa = PBXBuildFile; fileRef = 157705721BADB983007BADDD /* Main.storyboard */; };
		157705761BADB983007BADDD /* Assets.xcassets in Resources */ = {isa = PBXBuildFile; fileRef = 157705751BADB983007BADDD /* Assets.xcassets */; };
		157705791BADB983007BADDD /* LaunchScreen.storyboard in Resources */ = {isa = PBXBuildFile; fileRef = 157705771BADB983007BADDD /* LaunchScreen.storyboard */; };
/* End PBXBuildFile section */

/* Begin PBXFileReference section */
		1577056B1BADB983007BADDD /* Lighthouse.app */ = {isa = PBXFileReference; explicitFileType = wrapper.application; includeInIndex = 0; path = Lighthouse.app; sourceTree = BUILT_PRODUCTS_DIR; };
		1577056E1BADB983007BADDD /* AppDelegate.swift */ = {isa = PBXFileReference; lastKnownFileType = sourcecode.swift; path = AppDelegate.swift; sourceTree = "<group>"; };
		157705701BADB983007BADDD /* ViewController.swift */ = {isa = PBXFileReference; lastKnownFileType = sourcecode.swift; path = ViewController.swift; sourceTree = "<group>"; };
		157705731BADB983007BADDD /* Base */ = {isa = PBXFileReference; lastKnownFileType = file.storyboard; name = Base; path = Base.lproj/Main.storyboard; sourceTree = "<group>"; };
		157705751BADB983007BADDD /* Assets.xcassets */ = {isa = PBXFileReference; lastKnownFileType = folder.assetcatalog; path = Assets.xcassets; sourceTree = "<group>"; };
		157705781BADB983007BADDD /* Base */ = {isa = PBXFileReference; lastKnownFileType = file.storyboard; name = Base; path = Base.lproj/LaunchScreen.storyboard; sourceTree = "<group>"; };
		1577057A1BADB983007BADDD /* Info.plist */ = {isa = PBXFileReference; lastKnownFileType = text.plist.xml; path = Info.plist; sourceTree = "<group>"; };
/* End PBXFileReference section */

/* Begin PBXFrameworksBuildPhase section */
		157705681BADB983007BADDD /* Frameworks */ = {
			isa = PBXFrameworksBuildPhase;
			buildActionMask = 2147483647;
			files = (
			);
			runOnlyForDeploymentPostprocessing = 0;
		};
/* End PBXFrameworksBuildPhase section */

/* Begin PBXGroup section */
		157705621BADB983007BADDD = {
			isa = PBXGroup;
			children = (
				1577056D1BADB983007BADDD /* Lighthouse */,
				1577056C1BADB983007BADDD /* Products */,
			);
			sourceTree = "<group>";
		};
		1577056C1BADB983007BADDD /* Products */ = {
			isa = PBXGroup;
			children = (
				1577056B1BADB983007BADDD /* Lighthouse.app */,
			);
			name = Products;
			sourceTree = "<group>";
		};
		1577056D1BADB983007BADDD /* Lighthouse */ = {
			isa = PBXGroup;
			children = (
				1577056E1BADB983007BADDD /* AppDelegate.swift */,
				157705701BADB983007BADDD /* ViewController.swift */,
				157705721BADB983007BADDD /* Main.storyboard */,
				157705751BADB983007BADDD /* Assets.xcassets */,
				157705771BADB983007BADDD /* LaunchScreen.storyboard */,
				1577057A1BADB983007BADDD /* Info.plist */,
			);
			path = Lighthouse;
			sourceTree = "<group>";
		};
/* End PBXGroup section */

/* Begin PBXNativeTarget section */
		1577056A1BADB983007BADDD /* Lighthouse */ = {
			isa = PBXNativeTarget;
			buildConfigurationList = 1577057D1BADB983007BADDD /* Build configuration list for PBXNativeTarget "Lighthouse" */;
			buildPhases = (
				157705671BADB983007BADDD /* Sources */,
				157705681BADB983007BADDD /* Frameworks */,
				157705691BADB983007BADDD /* Resources */,
			);
			buildRules = (
			);
			dependencies = (
			);
			name = Lighthouse;
			productName = Lighthouse;
			productReference = 1577056B1BADB983007BADDD /* Lighthouse.app */;
			productType = "com.apple.product-type.application";
		};
/* End PBXNativeTarget section */

/* Begin PBXProject section */
		157705631BADB983007BADDD /* Project object */ = {
			isa = PBXProject;
			attributes = {
				LastUpgradeCheck = 0700;
				ORGANIZATIONNAME = "Jiahao Li";
				TargetAttributes = {
					1577056A1BADB983007BADDD = {
						CreatedOnToolsVersion = 7.0;
						DevelopmentTeam = 2Z44ZRUPZ4;
					};
				};
			};
			buildConfigurationList = 157705661BADB983007BADDD /* Build configuration list for PBXProject "Lighthouse" */;
			compatibilityVersion = "Xcode 3.2";
			developmentRegion = English;
			hasScannedForEncodings = 0;
			knownRegions = (
				en,
				Base,
			);
			mainGroup = 157705621BADB983007BADDD;
			productRefGroup = 1577056C1BADB983007BADDD /* Products */;
			projectDirPath = "";
			projectRoot = "";
			targets = (
				1577056A1BADB983007BADDD /* Lighthouse */,
			);
		};
/* End PBXProject section */

/* Begin PBXResourcesBuildPhase section */
		157705691BADB983007BADDD /* Resources */ = {
			isa = PBXResourcesBuildPhase;
			buildActionMask = 2147483647;
			files = (
				157705791BADB983007BADDD /* LaunchScreen.storyboard in Resources */,
				157705761BADB983007BADDD /* Assets.xcassets in Resources */,
				157705741BADB983007BADDD /* Main.storyboard in Resources */,
			);
			runOnlyForDeploymentPostprocessing = 0;
		};
/* End PBXResourcesBuildPhase section */

/* Begin PBXSourcesBuildPhase section */
		157705671BADB983007BADDD /* Sources */ = {
			isa = PBXSourcesBuildPhase;
			buildActionMask = 2147483647;
			files = (
				157705711BADB983007BADDD /* ViewController.swift in Sources */,
				1577056F1BADB983007BADDD /* AppDelegate.swift in Sources */,
			);
			runOnlyForDeploymentPostprocessing = 0;
		};
/* End PBXSourcesBuildPhase section */

/* Begin PBXVariantGroup section */
		157705721BADB983007BADDD /* Main.storyboard */ = {
			isa = PBXVariantGroup;
			children = (
				157705731BADB983007BADDD /* Base */,
			);
			name = Main.storyboard;
			sourceTree = "<group>";
		};
		157705771BADB983007BADDD /* LaunchScreen.storyboard */ = {
			isa = PBXVariantGroup;
			children = (
				157705781BADB983007BADDD /* Base */,
			);
			name = LaunchScreen.storyboard;
			sourceTree = "<group>";
		};
/* End PBXVariantGroup section */

/* Begin XCBuildConfiguration section */
		1577057B1BADB983007BADDD /* Debug */ = {
			isa = XCBuildConfiguration;
			buildSettings = {
				ALWAYS_SEARCH_USER_PATHS = NO;
				CLANG_CXX_LANGUAGE_STANDARD = "gnu++0x";
				CLANG_CXX_LIBRARY = "libc++";
				CLANG_ENABLE_MODULES = YES;
				CLANG_ENABLE_OBJC_ARC = YES;
				CLANG_WARN_BOOL_CONVERSION = YES;
				CLANG_WARN_CONSTANT_CONVERSION = YES;
				CLANG_WARN_DIRECT_OBJC_ISA_USAGE = YES_ERROR;
				CLANG_WARN_EMPTY_BODY = YES;
				CLANG_WARN_ENUM_CONVERSION = YES;
				CLANG_WARN_INT_CONVERSION = YES;
				CLANG_WARN_OBJC_ROOT_CLASS = YES_ERROR;
				CLANG_WARN_UNREACHABLE_CODE = YES;
				CLANG_WARN__DUPLICATE_METHOD_MATCH = YES;
				"CODE_SIGN_IDENTITY[sdk=iphoneos*]" = "iPhone Developer";
				COPY_PHASE_STRIP = NO;
				DEBUG_INFORMATION_FORMAT = dwarf;
				ENABLE_STRICT_OBJC_MSGSEND = YES;
				ENABLE_TESTABILITY = YES;
				GCC_C_LANGUAGE_STANDARD = gnu99;
				GCC_DYNAMIC_NO_PIC = NO;
				GCC_NO_COMMON_BLOCKS = YES;
				GCC_OPTIMIZATION_LEVEL = 0;
				GCC_PREPROCESSOR_DEFINITIONS = (
					"DEBUG=1",
					"$(inherited)",
				);
				GCC_WARN_64_TO_32_BIT_CONVERSION = YES;
				GCC_WARN_ABOUT_RETURN_TYPE = YES_ERROR;
				GCC_WARN_UNDECLARED_SELECTOR = YES;
				GCC_WARN_UNINITIALIZED_AUTOS = YES_AGGRESSIVE;
				GCC_WARN_UNUSED_FUNCTION = YES;
				GCC_WARN_UNUSED_VARIABLE = YES;
				IPHONEOS_DEPLOYMENT_TARGET = 9.0;
				MTL_ENABLE_DEBUG_INFO = YES;
				ONLY_ACTIVE_ARCH = YES;
				SDKROOT = iphoneos;
				SWIFT_OPTIMIZATION_LEVEL = "-Onone";
			};
			name = Debug;
		};
		1577057C1BADB983007BADDD /* Release */ = {
			isa = XCBuildConfiguration;
			buildSettings = {
				ALWAYS_SEARCH_USER_PATHS = NO;
				CLANG_CXX_LANGUAGE_STANDARD = "gnu++0x";
				CLANG_CXX_LIBRARY = "libc++";
				CLANG_ENABLE_MODULES = YES;
				CLANG_ENABLE_OBJC_ARC = YES;
				CLANG_WARN_BOOL_CONVERSION = YES;
				CLANG_WARN_CONSTANT_CONVERSION = YES;
				CLANG_WARN_DIRECT_OBJC_ISA_USAGE = YES_ERROR;
				CLANG_WARN_EMPTY_BODY = YES;
				CLANG_WARN_ENUM_CONVERSION = YES;
				CLANG_WARN_INT_CONVERSION = YES;
				CLANG_WARN_OBJC_ROOT_CLASS = YES_ERROR;
				CLANG_WARN_UNREACHABLE_CODE = YES;
				CLANG_WARN__DUPLICATE_METHOD_MATCH = YES;
				"CODE_SIGN_IDENTITY[sdk=iphoneos*]" = "iPhone Developer";
				COPY_PHASE_STRIP = NO;
				DEBUG_INFORMATION_FORMAT = "dwarf-with-dsym";
				ENABLE_NS_ASSERTIONS = NO;
				ENABLE_STRICT_OBJC_MSGSEND = YES;
				GCC_C_LANGUAGE_STANDARD = gnu99;
				GCC_NO_COMMON_BLOCKS = YES;
				GCC_WARN_64_TO_32_BIT_CONVERSION = YES;
				GCC_WARN_ABOUT_RETURN_TYPE = YES_ERROR;
				GCC_WARN_UNDECLARED_SELECTOR = YES;
				GCC_WARN_UNINITIALIZED_AUTOS = YES_AGGRESSIVE;
				GCC_WARN_UNUSED_FUNCTION = YES;
				GCC_WARN_UNUSED_VARIABLE = YES;
				IPHONEOS_DEPLOYMENT_TARGET = 9.0;
				MTL_ENABLE_DEBUG_INFO = NO;
				SDKROOT = iphoneos;
				VALIDATE_PRODUCT = YES;
			};
			name = Release;
		};
		1577057E1BADB983007BADDD /* Debug */ = {
			isa = XCBuildConfiguration;
			buildSettings = {
				ASSETCATALOG_COMPILER_APPICON_NAME = AppIcon;
				CODE_SIGN_IDENTITY = "iPhone Developer";
				"CODE_SIGN_IDENTITY[sdk=iphoneos*]" = "iPhone Developer";
				INFOPLIST_FILE = Lighthouse/Info.plist;
				LD_RUNPATH_SEARCH_PATHS = "$(inherited) @executable_path/Frameworks";
				PRODUCT_BUNDLE_IDENTIFIER = me.ljh.Lighthouse;
				PRODUCT_NAME = "$(TARGET_NAME)";
				PROVISIONING_PROFILE = "";
			};
			name = Debug;
		};
		1577057F1BADB983007BADDD /* Release */ = {
			isa = XCBuildConfiguration;
			buildSettings = {
				ASSETCATALOG_COMPILER_APPICON_NAME = AppIcon;
				CODE_SIGN_IDENTITY = "iPhone Developer";
				"CODE_SIGN_IDENTITY[sdk=iphoneos*]" = "iPhone Developer";
				INFOPLIST_FILE = Lighthouse/Info.plist;
				LD_RUNPATH_SEARCH_PATHS = "$(inherited) @executable_path/Frameworks";
				PRODUCT_BUNDLE_IDENTIFIER = me.ljh.Lighthouse;
				PRODUCT_NAME = "$(TARGET_NAME)";
				PROVISIONING_PROFILE = "";
			};
			name = Release;
		};
/* End XCBuildConfiguration section */

/* Begin XCConfigurationList section */
		157705661BADB983007BADDD /* Build configuration list for PBXProject "Lighthouse" */ = {
			isa = XCConfigurationList;
			buildConfigurations = (
				1577057B1BADB983007BADDD /* Debug */,
				1577057C1BADB983007BADDD /* Release */,
			);
			defaultConfigurationIsVisible = 0;
			defaultConfigurationName = Release;
		};
		1577057D1BADB983007BADDD /* Build configuration list for PBXNativeTarget "Lighthouse" */ = {
			isa = XCConfigurationList;
			buildConfigurations = (
				1577057E1BADB983007BADDD /* Debug */,
				1577057F1BADB983007BADDD /* Release */,
			);
			defaultConfigurationIsVisible = 0;
			defaultConfigurationName = Release;
		};
/* End XCConfigurationList section */
	};
	rootObject = 157705631BADB983007BADDD /* Project object */;
}
